// !$*UTF8*$!
{
	archiveVersion = 1;
	classes = {
	};
	objectVersion = 50;
	objects = {

/* Begin PBXBuildFile section */
		BA591EC025505600001D02E2 /* StudyViewController.swift in Sources */ = {isa = PBXBuildFile; fileRef = BA591EBF25505600001D02E2 /* StudyViewController.swift */; };
		BA591EC32550561E001D02E2 /* StudyViewModel.swift in Sources */ = {isa = PBXBuildFile; fileRef = BA591EC22550561E001D02E2 /* StudyViewModel.swift */; };
		BAAF11DA2518E05E00167B38 /* correct.wav in Resources */ = {isa = PBXBuildFile; fileRef = BAAF11D92518E05E00167B38 /* correct.wav */; };
		BAAF11DE2518E16900167B38 /* incorrect.wav in Resources */ = {isa = PBXBuildFile; fileRef = BAAF11DD2518E16900167B38 /* incorrect.wav */; };
		BAEBDED6250B5F8D00E8BD6A /* AppDelegate.swift in Sources */ = {isa = PBXBuildFile; fileRef = BAEBDED5250B5F8D00E8BD6A /* AppDelegate.swift */; };
		BAEBDED8250B5F8D00E8BD6A /* SceneDelegate.swift in Sources */ = {isa = PBXBuildFile; fileRef = BAEBDED7250B5F8D00E8BD6A /* SceneDelegate.swift */; };
		BAEBDEDA250B5F8D00E8BD6A /* ViewController.swift in Sources */ = {isa = PBXBuildFile; fileRef = BAEBDED9250B5F8D00E8BD6A /* ViewController.swift */; };
		BAEBDEDD250B5F8D00E8BD6A /* Main.storyboard in Resources */ = {isa = PBXBuildFile; fileRef = BAEBDEDB250B5F8D00E8BD6A /* Main.storyboard */; };
		BAEBDEDF250B5F9100E8BD6A /* Assets.xcassets in Resources */ = {isa = PBXBuildFile; fileRef = BAEBDEDE250B5F9100E8BD6A /* Assets.xcassets */; };
		BAEBDEE2250B5F9100E8BD6A /* LaunchScreen.storyboard in Resources */ = {isa = PBXBuildFile; fileRef = BAEBDEE0250B5F9100E8BD6A /* LaunchScreen.storyboard */; };
		BAEBDEF9250DF80100E8BD6A /* UIImage+resize.swift in Sources */ = {isa = PBXBuildFile; fileRef = BAEBDEF8250DF80100E8BD6A /* UIImage+resize.swift */; };
		BAEBDEFE250E523700E8BD6A /* Word.swift in Sources */ = {isa = PBXBuildFile; fileRef = BAEBDEFD250E523700E8BD6A /* Word.swift */; };
		BAEBDF12251757F700E8BD6A /* UIButton+makeStyle.swift in Sources */ = {isa = PBXBuildFile; fileRef = BAEBDF11251757F700E8BD6A /* UIButton+makeStyle.swift */; };
/* End PBXBuildFile section */

/* Begin PBXFileReference section */
		BA591EBF25505600001D02E2 /* StudyViewController.swift */ = {isa = PBXFileReference; lastKnownFileType = sourcecode.swift; path = StudyViewController.swift; sourceTree = "<group>"; };
		BA591EC22550561E001D02E2 /* StudyViewModel.swift */ = {isa = PBXFileReference; lastKnownFileType = sourcecode.swift; path = StudyViewModel.swift; sourceTree = "<group>"; };
		BAAF11D92518E05E00167B38 /* correct.wav */ = {isa = PBXFileReference; lastKnownFileType = audio.wav; name = correct.wav; path = "../../../../../Downloads/Quiz-Buzzer02-mp3 2/correct.wav"; sourceTree = "<group>"; };
		BAAF11DD2518E16900167B38 /* incorrect.wav */ = {isa = PBXFileReference; lastKnownFileType = audio.wav; name = incorrect.wav; path = "../../../../../Downloads/Quiz-Wrong_Buzzer02-mp3/incorrect.wav"; sourceTree = "<group>"; };
		BAEBDED2250B5F8D00E8BD6A /* QuizApp.app */ = {isa = PBXFileReference; explicitFileType = wrapper.application; includeInIndex = 0; path = QuizApp.app; sourceTree = BUILT_PRODUCTS_DIR; };
		BAEBDED5250B5F8D00E8BD6A /* AppDelegate.swift */ = {isa = PBXFileReference; lastKnownFileType = sourcecode.swift; path = AppDelegate.swift; sourceTree = "<group>"; };
		BAEBDED7250B5F8D00E8BD6A /* SceneDelegate.swift */ = {isa = PBXFileReference; lastKnownFileType = sourcecode.swift; path = SceneDelegate.swift; sourceTree = "<group>"; };
		BAEBDED9250B5F8D00E8BD6A /* ViewController.swift */ = {isa = PBXFileReference; lastKnownFileType = sourcecode.swift; path = ViewController.swift; sourceTree = "<group>"; };
		BAEBDEDC250B5F8D00E8BD6A /* Base */ = {isa = PBXFileReference; lastKnownFileType = file.storyboard; name = Base; path = Base.lproj/Main.storyboard; sourceTree = "<group>"; };
		BAEBDEDE250B5F9100E8BD6A /* Assets.xcassets */ = {isa = PBXFileReference; lastKnownFileType = folder.assetcatalog; path = Assets.xcassets; sourceTree = "<group>"; };
		BAEBDEE1250B5F9100E8BD6A /* Base */ = {isa = PBXFileReference; lastKnownFileType = file.storyboard; name = Base; path = Base.lproj/LaunchScreen.storyboard; sourceTree = "<group>"; };
		BAEBDEE3250B5F9100E8BD6A /* Info.plist */ = {isa = PBXFileReference; lastKnownFileType = text.plist.xml; path = Info.plist; sourceTree = "<group>"; };
		BAEBDEF8250DF80100E8BD6A /* UIImage+resize.swift */ = {isa = PBXFileReference; lastKnownFileType = sourcecode.swift; path = "UIImage+resize.swift"; sourceTree = "<group>"; };
		BAEBDEFD250E523700E8BD6A /* Word.swift */ = {isa = PBXFileReference; lastKnownFileType = sourcecode.swift; path = Word.swift; sourceTree = "<group>"; };
		BAEBDF11251757F700E8BD6A /* UIButton+makeStyle.swift */ = {isa = PBXFileReference; lastKnownFileType = sourcecode.swift; path = "UIButton+makeStyle.swift"; sourceTree = "<group>"; };
/* End PBXFileReference section */

/* Begin PBXFrameworksBuildPhase section */
		BAEBDECF250B5F8D00E8BD6A /* Frameworks */ = {
			isa = PBXFrameworksBuildPhase;
			buildActionMask = 2147483647;
			files = (
			);
			runOnlyForDeploymentPostprocessing = 0;
		};
/* End PBXFrameworksBuildPhase section */

/* Begin PBXGroup section */
		BA591EB7254EE9BE001D02E2 /* ViewControllers */ = {
			isa = PBXGroup;
			children = (
				BA591EB8254EEA63001D02E2 /* Study */,
			);
			path = ViewControllers;
			sourceTree = "<group>";
		};
		BA591EB8254EEA63001D02E2 /* Study */ = {
			isa = PBXGroup;
			children = (
				BAEBDEDB250B5F8D00E8BD6A /* Main.storyboard */,
				BAEBDED9250B5F8D00E8BD6A /* ViewController.swift */,
				BA591EBF25505600001D02E2 /* StudyViewController.swift */,
				BA591EC22550561E001D02E2 /* StudyViewModel.swift */,
			);
			path = Study;
			sourceTree = "<group>";
		};
		BAEBDEC9250B5F8D00E8BD6A = {
			isa = PBXGroup;
			children = (
				BAEBDEFA250E4BA300E8BD6A /* Extensions */,
				BAEBDED4250B5F8D00E8BD6A /* QuizApp */,
				BAEBDED3250B5F8D00E8BD6A /* Products */,
			);
			sourceTree = "<group>";
		};
		BAEBDED3250B5F8D00E8BD6A /* Products */ = {
			isa = PBXGroup;
			children = (
				BAEBDED2250B5F8D00E8BD6A /* QuizApp.app */,
			);
			name = Products;
			sourceTree = "<group>";
		};
		BAEBDED4250B5F8D00E8BD6A /* QuizApp */ = {
			isa = PBXGroup;
			children = (
				BAEBDED5250B5F8D00E8BD6A /* AppDelegate.swift */,
				BAEBDED7250B5F8D00E8BD6A /* SceneDelegate.swift */,
				BAEBDEF3250DC58500E8BD6A /* Models */,
				BA591EB7254EE9BE001D02E2 /* ViewControllers */,
				BAEBDF0825125ED100E8BD6A /* Sounds */,
				BAEBDEDE250B5F9100E8BD6A /* Assets.xcassets */,
				BAEBDEE0250B5F9100E8BD6A /* LaunchScreen.storyboard */,
				BAEBDEE3250B5F9100E8BD6A /* Info.plist */,
			);
			path = QuizApp;
			sourceTree = "<group>";
		};
		BAEBDEF3250DC58500E8BD6A /* Models */ = {
			isa = PBXGroup;
			children = (
				BAEBDEFD250E523700E8BD6A /* Word.swift */,
			);
			path = Models;
			sourceTree = "<group>";
		};
		BAEBDEFA250E4BA300E8BD6A /* Extensions */ = {
			isa = PBXGroup;
			children = (
				BAEBDEF8250DF80100E8BD6A /* UIImage+resize.swift */,
				BAEBDF11251757F700E8BD6A /* UIButton+makeStyle.swift */,
			);
			path = Extensions;
			sourceTree = "<group>";
		};
		BAEBDF0825125ED100E8BD6A /* Sounds */ = {
			isa = PBXGroup;
			children = (
				BAAF11D92518E05E00167B38 /* correct.wav */,
				BAAF11DD2518E16900167B38 /* incorrect.wav */,
			);
			path = Sounds;
			sourceTree = "<group>";
		};
/* End PBXGroup section */

/* Begin PBXNativeTarget section */
		BAEBDED1250B5F8D00E8BD6A /* QuizApp */ = {
			isa = PBXNativeTarget;
			buildConfigurationList = BAEBDEE6250B5F9100E8BD6A /* Build configuration list for PBXNativeTarget "QuizApp" */;
			buildPhases = (
				BAEBDECE250B5F8D00E8BD6A /* Sources */,
				BAEBDECF250B5F8D00E8BD6A /* Frameworks */,
				BAEBDED0250B5F8D00E8BD6A /* Resources */,
			);
			buildRules = (
			);
			dependencies = (
			);
			name = QuizApp;
			productName = QuizApp;
			productReference = BAEBDED2250B5F8D00E8BD6A /* QuizApp.app */;
			productType = "com.apple.product-type.application";
		};
/* End PBXNativeTarget section */

/* Begin PBXProject section */
		BAEBDECA250B5F8D00E8BD6A /* Project object */ = {
			isa = PBXProject;
			attributes = {
				LastSwiftUpdateCheck = 1170;
				LastUpgradeCheck = 1170;
				ORGANIZATIONNAME = Taku;
				TargetAttributes = {
					BAEBDED1250B5F8D00E8BD6A = {
						CreatedOnToolsVersion = 11.7;
					};
				};
			};
			buildConfigurationList = BAEBDECD250B5F8D00E8BD6A /* Build configuration list for PBXProject "QuizApp" */;
			compatibilityVersion = "Xcode 9.3";
			developmentRegion = en;
			hasScannedForEncodings = 0;
			knownRegions = (
				en,
				Base,
			);
			mainGroup = BAEBDEC9250B5F8D00E8BD6A;
			productRefGroup = BAEBDED3250B5F8D00E8BD6A /* Products */;
			projectDirPath = "";
			projectRoot = "";
			targets = (
				BAEBDED1250B5F8D00E8BD6A /* QuizApp */,
			);
		};
/* End PBXProject section */

/* Begin PBXResourcesBuildPhase section */
		BAEBDED0250B5F8D00E8BD6A /* Resources */ = {
			isa = PBXResourcesBuildPhase;
			buildActionMask = 2147483647;
			files = (
				BAEBDEE2250B5F9100E8BD6A /* LaunchScreen.storyboard in Resources */,
				BAAF11DE2518E16900167B38 /* incorrect.wav in Resources */,
				BAEBDEDF250B5F9100E8BD6A /* Assets.xcassets in Resources */,
				BAEBDEDD250B5F8D00E8BD6A /* Main.storyboard in Resources */,
				BAAF11DA2518E05E00167B38 /* correct.wav in Resources */,
			);
			runOnlyForDeploymentPostprocessing = 0;
		};
/* End PBXResourcesBuildPhase section */

/* Begin PBXSourcesBuildPhase section */
		BAEBDECE250B5F8D00E8BD6A /* Sources */ = {
			isa = PBXSourcesBuildPhase;
			buildActionMask = 2147483647;
			files = (
				BA591EC32550561E001D02E2 /* StudyViewModel.swift in Sources */,
				BAEBDEDA250B5F8D00E8BD6A /* ViewController.swift in Sources */,
				BAEBDEF9250DF80100E8BD6A /* UIImage+resize.swift in Sources */,
				BAEBDED6250B5F8D00E8BD6A /* AppDelegate.swift in Sources */,
				BA591EC025505600001D02E2 /* StudyViewController.swift in Sources */,
				BAEBDF12251757F700E8BD6A /* UIButton+makeStyle.swift in Sources */,
				BAEBDED8250B5F8D00E8BD6A /* SceneDelegate.swift in Sources */,
				BAEBDEFE250E523700E8BD6A /* Word.swift in Sources */,
			);
			runOnlyForDeploymentPostprocessing = 0;
		};
/* End PBXSourcesBuildPhase section */

/* Begin PBXVariantGroup section */
		BAEBDEDB250B5F8D00E8BD6A /* Main.storyboard */ = {
			isa = PBXVariantGroup;
			children = (
				BAEBDEDC250B5F8D00E8BD6A /* Base */,
			);
			name = Main.storyboard;
			sourceTree = "<group>";
		};
		BAEBDEE0250B5F9100E8BD6A /* LaunchScreen.storyboard */ = {
			isa = PBXVariantGroup;
			children = (
				BAEBDEE1250B5F9100E8BD6A /* Base */,
			);
			name = LaunchScreen.storyboard;
			sourceTree = "<group>";
		};
/* End PBXVariantGroup section */

/* Begin XCBuildConfiguration section */
		BAEBDEE4250B5F9100E8BD6A /* Debug */ = {
			isa = XCBuildConfiguration;
			buildSettings = {
				ALWAYS_SEARCH_USER_PATHS = NO;
				CLANG_ANALYZER_NONNULL = YES;
				CLANG_ANALYZER_NUMBER_OBJECT_CONVERSION = YES_AGGRESSIVE;
				CLANG_CXX_LANGUAGE_STANDARD = "gnu++14";
				CLANG_CXX_LIBRARY = "libc++";
				CLANG_ENABLE_MODULES = YES;
				CLANG_ENABLE_OBJC_ARC = YES;
				CLANG_ENABLE_OBJC_WEAK = YES;
				CLANG_WARN_BLOCK_CAPTURE_AUTORELEASING = YES;
				CLANG_WARN_BOOL_CONVERSION = YES;
				CLANG_WARN_COMMA = YES;
				CLANG_WARN_CONSTANT_CONVERSION = YES;
				CLANG_WARN_DEPRECATED_OBJC_IMPLEMENTATIONS = YES;
				CLANG_WARN_DIRECT_OBJC_ISA_USAGE = YES_ERROR;
				CLANG_WARN_DOCUMENTATION_COMMENTS = YES;
				CLANG_WARN_EMPTY_BODY = YES;
				CLANG_WARN_ENUM_CONVERSION = YES;
				CLANG_WARN_INFINITE_RECURSION = YES;
				CLANG_WARN_INT_CONVERSION = YES;
				CLANG_WARN_NON_LITERAL_NULL_CONVERSION = YES;
				CLANG_WARN_OBJC_IMPLICIT_RETAIN_SELF = YES;
				CLANG_WARN_OBJC_LITERAL_CONVERSION = YES;
				CLANG_WARN_OBJC_ROOT_CLASS = YES_ERROR;
				CLANG_WARN_RANGE_LOOP_ANALYSIS = YES;
				CLANG_WARN_STRICT_PROTOTYPES = YES;
				CLANG_WARN_SUSPICIOUS_MOVE = YES;
				CLANG_WARN_UNGUARDED_AVAILABILITY = YES_AGGRESSIVE;
				CLANG_WARN_UNREACHABLE_CODE = YES;
				CLANG_WARN__DUPLICATE_METHOD_MATCH = YES;
				COPY_PHASE_STRIP = NO;
				DEBUG_INFORMATION_FORMAT = dwarf;
				ENABLE_STRICT_OBJC_MSGSEND = YES;
				ENABLE_TESTABILITY = YES;
				GCC_C_LANGUAGE_STANDARD = gnu11;
				GCC_DYNAMIC_NO_PIC = NO;
				GCC_NO_COMMON_BLOCKS = YES;
				GCC_OPTIMIZATION_LEVEL = 0;
				GCC_PREPROCESSOR_DEFINITIONS = (
					"DEBUG=1",
					"$(inherited)",
				);
				GCC_WARN_64_TO_32_BIT_CONVERSION = YES;
				GCC_WARN_ABOUT_RETURN_TYPE = YES_ERROR;
				GCC_WARN_UNDECLARED_SELECTOR = YES;
				GCC_WARN_UNINITIALIZED_AUTOS = YES_AGGRESSIVE;
				GCC_WARN_UNUSED_FUNCTION = YES;
				GCC_WARN_UNUSED_VARIABLE = YES;
				IPHONEOS_DEPLOYMENT_TARGET = 13.7;
				MTL_ENABLE_DEBUG_INFO = INCLUDE_SOURCE;
				MTL_FAST_MATH = YES;
				ONLY_ACTIVE_ARCH = YES;
				SDKROOT = iphoneos;
				SWIFT_ACTIVE_COMPILATION_CONDITIONS = DEBUG;
				SWIFT_OPTIMIZATION_LEVEL = "-Onone";
			};
			name = Debug;
		};
		BAEBDEE5250B5F9100E8BD6A /* Release */ = {
			isa = XCBuildConfiguration;
			buildSettings = {
				ALWAYS_SEARCH_USER_PATHS = NO;
				CLANG_ANALYZER_NONNULL = YES;
				CLANG_ANALYZER_NUMBER_OBJECT_CONVERSION = YES_AGGRESSIVE;
				CLANG_CXX_LANGUAGE_STANDARD = "gnu++14";
				CLANG_CXX_LIBRARY = "libc++";
				CLANG_ENABLE_MODULES = YES;
				CLANG_ENABLE_OBJC_ARC = YES;
				CLANG_ENABLE_OBJC_WEAK = YES;
				CLANG_WARN_BLOCK_CAPTURE_AUTORELEASING = YES;
				CLANG_WARN_BOOL_CONVERSION = YES;
				CLANG_WARN_COMMA = YES;
				CLANG_WARN_CONSTANT_CONVERSION = YES;
				CLANG_WARN_DEPRECATED_OBJC_IMPLEMENTATIONS = YES;
				CLANG_WARN_DIRECT_OBJC_ISA_USAGE = YES_ERROR;
				CLANG_WARN_DOCUMENTATION_COMMENTS = YES;
				CLANG_WARN_EMPTY_BODY = YES;
				CLANG_WARN_ENUM_CONVERSION = YES;
				CLANG_WARN_INFINITE_RECURSION = YES;
				CLANG_WARN_INT_CONVERSION = YES;
				CLANG_WARN_NON_LITERAL_NULL_CONVERSION = YES;
				CLANG_WARN_OBJC_IMPLICIT_RETAIN_SELF = YES;
				CLANG_WARN_OBJC_LITERAL_CONVERSION = YES;
				CLANG_WARN_OBJC_ROOT_CLASS = YES_ERROR;
				CLANG_WARN_RANGE_LOOP_ANALYSIS = YES;
				CLANG_WARN_STRICT_PROTOTYPES = YES;
				CLANG_WARN_SUSPICIOUS_MOVE = YES;
				CLANG_WARN_UNGUARDED_AVAILABILITY = YES_AGGRESSIVE;
				CLANG_WARN_UNREACHABLE_CODE = YES;
				CLANG_WARN__DUPLICATE_METHOD_MATCH = YES;
				COPY_PHASE_STRIP = NO;
				DEBUG_INFORMATION_FORMAT = "dwarf-with-dsym";
				ENABLE_NS_ASSERTIONS = NO;
				ENABLE_STRICT_OBJC_MSGSEND = YES;
				GCC_C_LANGUAGE_STANDARD = gnu11;
				GCC_NO_COMMON_BLOCKS = YES;
				GCC_WARN_64_TO_32_BIT_CONVERSION = YES;
				GCC_WARN_ABOUT_RETURN_TYPE = YES_ERROR;
				GCC_WARN_UNDECLARED_SELECTOR = YES;
				GCC_WARN_UNINITIALIZED_AUTOS = YES_AGGRESSIVE;
				GCC_WARN_UNUSED_FUNCTION = YES;
				GCC_WARN_UNUSED_VARIABLE = YES;
				IPHONEOS_DEPLOYMENT_TARGET = 13.7;
				MTL_ENABLE_DEBUG_INFO = NO;
				MTL_FAST_MATH = YES;
				SDKROOT = iphoneos;
				SWIFT_COMPILATION_MODE = wholemodule;
				SWIFT_OPTIMIZATION_LEVEL = "-O";
				VALIDATE_PRODUCT = YES;
			};
			name = Release;
		};
		BAEBDEE7250B5F9100E8BD6A /* Debug */ = {
			isa = XCBuildConfiguration;
			buildSettings = {
				ASSETCATALOG_COMPILER_APPICON_NAME = AppIcon;
				CODE_SIGN_STYLE = Automatic;
				INFOPLIST_FILE = QuizApp/Info.plist;
				LD_RUNPATH_SEARCH_PATHS = (
					"$(inherited)",
					"@executable_path/Frameworks",
				);
				PRODUCT_BUNDLE_IDENTIFIER = com.example.QuizApp;
				PRODUCT_NAME = "$(TARGET_NAME)";
				SWIFT_VERSION = 5.0;
				TARGETED_DEVICE_FAMILY = "1,2";
			};
			name = Debug;
		};
		BAEBDEE8250B5F9100E8BD6A /* Release */ = {
			isa = XCBuildConfiguration;
			buildSettings = {
				ASSETCATALOG_COMPILER_APPICON_NAME = AppIcon;
				CODE_SIGN_STYLE = Automatic;
				INFOPLIST_FILE = QuizApp/Info.plist;
				LD_RUNPATH_SEARCH_PATHS = (
					"$(inherited)",
					"@executable_path/Frameworks",
				);
				PRODUCT_BUNDLE_IDENTIFIER = com.example.QuizApp;
				PRODUCT_NAME = "$(TARGET_NAME)";
				SWIFT_VERSION = 5.0;
				TARGETED_DEVICE_FAMILY = "1,2";
			};
			name = Release;
		};
/* End XCBuildConfiguration section */

/* Begin XCConfigurationList section */
		BAEBDECD250B5F8D00E8BD6A /* Build configuration list for PBXProject "QuizApp" */ = {
			isa = XCConfigurationList;
			buildConfigurations = (
				BAEBDEE4250B5F9100E8BD6A /* Debug */,
				BAEBDEE5250B5F9100E8BD6A /* Release */,
			);
			defaultConfigurationIsVisible = 0;
			defaultConfigurationName = Release;
		};
		BAEBDEE6250B5F9100E8BD6A /* Build configuration list for PBXNativeTarget "QuizApp" */ = {
			isa = XCConfigurationList;
			buildConfigurations = (
				BAEBDEE7250B5F9100E8BD6A /* Debug */,
				BAEBDEE8250B5F9100E8BD6A /* Release */,
			);
			defaultConfigurationIsVisible = 0;
			defaultConfigurationName = Release;
		};
/* End XCConfigurationList section */
	};
	rootObject = BAEBDECA250B5F8D00E8BD6A /* Project object */;
}
